
Microsoft Visual Studio Solution File, Format Version 12.00
# Visual Studio Version 17
VisualStudioVersion = 17.13.35818.85 d17.13
MinimumVisualStudioVersion = 10.0.40219.1
Project("{FAE04EC0-301F-11D3-BF4B-00C04F79EFBC}") = "ConsoleAppBlackjack", "ConsoleAppBlackjack\ConsoleAppBlackjack.csproj", "{3B03C74D-08D7-4A6A-BA6A-A36B5633E42F}"
EndProject
Global
	GlobalSection(SolutionConfigurationPlatforms) = preSolution
		Debug|Any CPU = Debug|Any CPU
		Release|Any CPU = Release|Any CPU
	EndGlobalSection
	GlobalSection(ProjectConfigurationPlatforms) = postSolution
		{3B03C74D-08D7-4A6A-BA6A-A36B5633E42F}.Debug|Any CPU.ActiveCfg = Debug|Any CPU
		{3B03C74D-08D7-4A6A-BA6A-A36B5633E42F}.Debug|Any CPU.Build.0 = Debug|Any CPU
		{3B03C74D-08D7-4A6A-BA6A-A36B5633E42F}.Release|Any CPU.ActiveCfg = Release|Any CPU
		{3B03C74D-08D7-4A6A-BA6A-A36B5633E42F}.Release|Any CPU.Build.0 = Release|Any CPU
	EndGlobalSection
	GlobalSection(SolutionProperties) = preSolution
		HideSolutionNode = FALSE
	EndGlobalSection
	GlobalSection(ExtensibilityGlobals) = postSolution
		SolutionGuid = {DE8FD9FF-6FA9-430E-99E8-D878D75D379E}
	EndGlobalSection
EndGlobal
